
Microsoft Visual Studio Solution File, Format Version 11.00
# Visual Studio 2010
Project("{FAE04EC0-301F-11D3-BF4B-00C04F79EFBC}") = "SQLInjection", "SQLInjection\SQLInjection.csproj", "{4772F9B8-8953-40EA-A8BD-921FCB77AF33}"
EndProject
Project("{FAE04EC0-301F-11D3-BF4B-00C04F79EFBC}") = "WebApplication5", "..\WebApplication5\WebApplication5\WebApplication5.csproj", "{2B342699-CA6D-435C-B185-0951F59501E1}"
EndProject
Global
	GlobalSection(SolutionConfigurationPlatforms) = preSolution
		Debug|Any CPU = Debug|Any CPU
		Release|Any CPU = Release|Any CPU
	EndGlobalSection
	GlobalSection(ProjectConfigurationPlatforms) = postSolution
		{4772F9B8-8953-40EA-A8BD-921FCB77AF33}.Debug|Any CPU.ActiveCfg = Debug|Any CPU
		{4772F9B8-8953-40EA-A8BD-921FCB77AF33}.Debug|Any CPU.Build.0 = Debug|Any CPU
		{4772F9B8-8953-40EA-A8BD-921FCB77AF33}.Release|Any CPU.ActiveCfg = Release|Any CPU
		{4772F9B8-8953-40EA-A8BD-921FCB77AF33}.Release|Any CPU.Build.0 = Release|Any CPU
		{2B342699-CA6D-435C-B185-0951F59501E1}.Debug|Any CPU.ActiveCfg = Debug|Any CPU
		{2B342699-CA6D-435C-B185-0951F59501E1}.Debug|Any CPU.Build.0 = Debug|Any CPU
		{2B342699-CA6D-435C-B185-0951F59501E1}.Release|Any CPU.ActiveCfg = Release|Any CPU
		{2B342699-CA6D-435C-B185-0951F59501E1}.Release|Any CPU.Build.0 = Release|Any CPU
	EndGlobalSection
	GlobalSection(SolutionProperties) = preSolution
		HideSolutionNode = FALSE
	EndGlobalSection
EndGlobal
